
Microsoft Visual Studio Solution File, Format Version 12.00
# Visual Studio Version 17
VisualStudioVersion = 17.5.33627.172
MinimumVisualStudioVersion = 10.0.40219.1
Project("{FAE04EC0-301F-11D3-BF4B-00C04F79EFBC}") = "ASP_api_employee_2", "ASP_api_employee_2.csproj", "{41F769CF-C74A-47E2-B29C-3DE9818674BD}"
EndProject
Global
	GlobalSection(SolutionConfigurationPlatforms) = preSolution
		Debug|Any CPU = Debug|Any CPU
		Release|Any CPU = Release|Any CPU
	EndGlobalSection
	GlobalSection(ProjectConfigurationPlatforms) = postSolution
		{41F769CF-C74A-47E2-B29C-3DE9818674BD}.Debug|Any CPU.ActiveCfg = Debug|Any CPU
		{41F769CF-C74A-47E2-B29C-3DE9818674BD}.Debug|Any CPU.Build.0 = Debug|Any CPU
		{41F769CF-C74A-47E2-B29C-3DE9818674BD}.Release|Any CPU.ActiveCfg = Release|Any CPU
		{41F769CF-C74A-47E2-B29C-3DE9818674BD}.Release|Any CPU.Build.0 = Release|Any CPU
	EndGlobalSection
	GlobalSection(SolutionProperties) = preSolution
		HideSolutionNode = FALSE
	EndGlobalSection
	GlobalSection(ExtensibilityGlobals) = postSolution
		SolutionGuid = {99754A52-22DA-480F-A408-F7E4CCE280E8}
	EndGlobalSection
EndGlobal
